
Microsoft Visual Studio Solution File, Format Version 12.00
# Visual Studio Version 17
VisualStudioVersion = 17.8.34316.72
MinimumVisualStudioVersion = 10.0.40219.1
Project("{2150E333-8FDC-42A3-9474-1A3956D46DE8}") = "Solution Items", "Solution Items", "{1ACE9E2E-4250-4D9A-8079-07D839222B67}"
	ProjectSection(SolutionItems) = preProject
		.editorconfig = .editorconfig
		.gitignore = .gitignore
		RapidStreamer.png = RapidStreamer.png
		RapidStreamer.svg = RapidStreamer.svg
		README.md = README.md
		nuget.config = nuget.config
		Directory.Build.props = Directory.Build.props
	EndProjectSection
EndProject
Project("{2150E333-8FDC-42A3-9474-1A3956D46DE8}") = "Feeviders", "Feeviders", "{0F922E11-B838-4DFD-A9A2-C3BBAFBF5A03}"
EndProject
Project("{2150E333-8FDC-42A3-9474-1A3956D46DE8}") = "ActiveMQ", "ActiveMQ", "{5A6A58EF-9FE6-4D8E-AB82-FAD1CB864695}"
EndProject
Project("{2150E333-8FDC-42A3-9474-1A3956D46DE8}") = "Kafka", "Kafka", "{88900908-AF79-4843-8594-E33E029F9854}"
EndProject
Project("{2150E333-8FDC-42A3-9474-1A3956D46DE8}") = "RabbitMQ", "RabbitMQ", "{9C71F3E1-25EF-4DE3-A4CF-440F49721F01}"
EndProject
Project("{2150E333-8FDC-42A3-9474-1A3956D46DE8}") = "RedisPubSub", "RedisPubSub", "{1D57E8C5-2CE0-4F99-A13F-E90557B3520A}"
EndProject
Project("{2150E333-8FDC-42A3-9474-1A3956D46DE8}") = "TcpSocket", "TcpSocket", "{20597F72-BCE3-4902-9F9D-08240F81ACC5}"
EndProject
Project("{2150E333-8FDC-42A3-9474-1A3956D46DE8}") = "UdpClient", "UdpClient", "{8C1F68AE-0040-44E4-8DDB-6ACF0733507C}"
EndProject
Project("{2150E333-8FDC-42A3-9474-1A3956D46DE8}") = "WebApi", "WebApi", "{CF1468A7-DDF8-43C5-A625-C53D342AC6C1}"
EndProject
Project("{2150E333-8FDC-42A3-9474-1A3956D46DE8}") = "WebSocket", "WebSocket", "{7064F284-1D24-4A10-981C-7E319CD0E23A}"
EndProject
Project("{2150E333-8FDC-42A3-9474-1A3956D46DE8}") = "SharedKernel", "SharedKernel", "{ECACC9FC-01AD-4510-9E47-44B9CDC4AD62}"
EndProject
Project("{9A19103F-16F7-4668-BE54-9A1E7A4F7556}") = "RapidStreamer.Feeders.WebSocket", "Feeviders\WebSocket\RapidStreamer.Feeders.WebSocket\RapidStreamer.Feeders.WebSocket.csproj", "{66DFE78C-DA8B-45F3-A989-0AA350931A42}"
EndProject
Project("{9A19103F-16F7-4668-BE54-9A1E7A4F7556}") = "RapidStreamer.Providers.DotNet.WebSocket", "Feeviders\WebSocket\RapidStreamer.Providers.DotNet.WebSocket\RapidStreamer.Providers.DotNet.WebSocket.csproj", "{4A5EAC72-43AD-4AA6-8867-AC536C41FFA0}"
EndProject
Project("{9A19103F-16F7-4668-BE54-9A1E7A4F7556}") = "RapidStreamer.Feeders.WebApi", "Feeviders\WebApi\RapidStreamer.Feeders.WebApi\RapidStreamer.Feeders.WebApi.csproj", "{A7306808-01EB-4265-AF51-43C71EE85644}"
EndProject
Project("{9A19103F-16F7-4668-BE54-9A1E7A4F7556}") = "RapidStreamer.Providers.DotNet.WebApi", "Feeviders\WebApi\RapidStreamer.Providers.DotNet.WebApi\RapidStreamer.Providers.DotNet.WebApi.csproj", "{246B41C6-C04F-4E15-B56C-6FE78F699501}"
EndProject
Project("{9A19103F-16F7-4668-BE54-9A1E7A4F7556}") = "RapidStreamer.Feeders.UdpClient", "Feeviders\UdpClient\RapidStreamer.Feeders.UdpClient\RapidStreamer.Feeders.UdpClient.csproj", "{7EB198CF-3194-4C2F-B7D6-84A2721A3839}"
EndProject
Project("{9A19103F-16F7-4668-BE54-9A1E7A4F7556}") = "RapidStreamer.Providers.DotNet.UdpClient", "Feeviders\UdpClient\RapidStreamer.Providers.DotNet.UdpClient\RapidStreamer.Providers.DotNet.UdpClient.csproj", "{10040D9B-A457-4D33-A78D-ECBA10AC814D}"
EndProject
Project("{9A19103F-16F7-4668-BE54-9A1E7A4F7556}") = "RapidStreamer.Providers.DotNet.TcpSocket", "Feeviders\TcpSocket\RapidStreamer.Providers.DotNet.TcpSocket\RapidStreamer.Providers.DotNet.TcpSocket.csproj", "{47B64F14-9B97-42A5-98E6-517165B2C052}"
EndProject
Project("{9A19103F-16F7-4668-BE54-9A1E7A4F7556}") = "RapidStreamer.Feeders.TcpSocket", "Feeviders\TcpSocket\RapidStreamer.Feeders.TcpSocket\RapidStreamer.Feeders.TcpSocket.csproj", "{2810B7C0-9F32-4705-A91D-E02D7AC112CE}"
EndProject
Project("{9A19103F-16F7-4668-BE54-9A1E7A4F7556}") = "RapidStreamer.Feeders.RedisPubSub", "Feeviders\RedisPubSub\RapidStreamer.Feeders.RedisPubSub\RapidStreamer.Feeders.RedisPubSub.csproj", "{88F94E5F-100D-4502-AC32-F07878F98B6A}"
EndProject
Project("{9A19103F-16F7-4668-BE54-9A1E7A4F7556}") = "RapidStreamer.Feeders.SharedKernel", "Feeviders\SharedKernel\RapidStreamer.Feeders.SharedKernel\RapidStreamer.Feeders.SharedKernel.csproj", "{4696EC5A-C9F1-4328-B3B4-AAC69A2A1B2B}"
EndProject
Project("{9A19103F-16F7-4668-BE54-9A1E7A4F7556}") = "RapidStreamer.Providers.DotNet.RedisPubSub", "Feeviders\RedisPubSub\RapidStreamer.Providers.DotNet.RedisPubSub\RapidStreamer.Providers.DotNet.RedisPubSub.csproj", "{0C3E953D-3A06-4B9A-BFFD-A2779CF75457}"
EndProject
Project("{9A19103F-16F7-4668-BE54-9A1E7A4F7556}") = "RapidStreamer.Providers.DotNet.SharedKernel", "Feeviders\SharedKernel\RapidStreamer.Providers.DotNet.SharedKernel\RapidStreamer.Providers.DotNet.SharedKernel.csproj", "{3F752FEB-3CEB-47E0-B012-62035966D238}"
EndProject
Project("{9A19103F-16F7-4668-BE54-9A1E7A4F7556}") = "RapidStreamer.Feeders.RabbitMQ", "Feeviders\RabbitMQ\RapidStreamer.Feeders.RabbitMQ\RapidStreamer.Feeders.RabbitMQ.csproj", "{973FBC44-EAB3-445F-8D90-F1A94A468574}"
EndProject
Project("{9A19103F-16F7-4668-BE54-9A1E7A4F7556}") = "RapidStreamer.Providers.DotNet.RabbitMQ", "Feeviders\RabbitMQ\RapidStreamer.Providers.DotNet.RabbitMQ\RapidStreamer.Providers.DotNet.RabbitMQ.csproj", "{D0AD5CE0-6FDA-4821-8BA9-B8CF00F6E10F}"
EndProject
Project("{9A19103F-16F7-4668-BE54-9A1E7A4F7556}") = "RapidStreamer.Feeders.Kafka", "Feeviders\Kafka\RapidStreamer.Feeders.Kafka\RapidStreamer.Feeders.Kafka.csproj", "{47FA9C13-91C4-4316-93BA-577F9731617B}"
EndProject
Project("{9A19103F-16F7-4668-BE54-9A1E7A4F7556}") = "RapidStreamer.Providers.DotNet.Kafka", "Feeviders\Kafka\RapidStreamer.Providers.DotNet.Kafka\RapidStreamer.Providers.DotNet.Kafka.csproj", "{6C2C4DAD-9F79-4AA9-A502-1BBF98325507}"
EndProject
Project("{9A19103F-16F7-4668-BE54-9A1E7A4F7556}") = "RapidStreamer.Feeders.ActiveMQ", "Feeviders\ActiveMQ\RapidStreamer.Feeders.ActiveMQ\RapidStreamer.Feeders.ActiveMQ.csproj", "{32884628-0358-467B-8BB3-B523875E3B8E}"
EndProject
Project("{9A19103F-16F7-4668-BE54-9A1E7A4F7556}") = "RapidStreamer.Providers.DotNet.ActiveMQ", "Feeviders\ActiveMQ\RapidStreamer.Providers.DotNet.ActiveMQ\RapidStreamer.Providers.DotNet.ActiveMQ.csproj", "{4B27547F-350D-473F-AA28-A0A8D0172769}"
EndProject
Project("{9A19103F-16F7-4668-BE54-9A1E7A4F7556}") = "RapidStreamer.Feeviders.ActiveMQ.SharedKernel", "Feeviders\ActiveMQ\RapidStreamer.Feeviders.ActiveMQ.SharedKernel\RapidStreamer.Feeviders.ActiveMQ.SharedKernel.csproj", "{82BFD6E5-D5D1-42F1-A0EE-8C40E2D76DD9}"
EndProject
Project("{9A19103F-16F7-4668-BE54-9A1E7A4F7556}") = "RapidStreamer.Feeviders.RabbitMQ.SharedKernel", "Feeviders\RabbitMQ\RapidStreamer.Feeviders.RabbitMQ.SharedKernel\RapidStreamer.Feeviders.RabbitMQ.SharedKernel.csproj", "{F036C1A3-00E7-4723-8D40-CFC8C3AB9E80}"
EndProject
Project("{9A19103F-16F7-4668-BE54-9A1E7A4F7556}") = "RapidStreamer.Feeviders.TcpSocket.SharedKernel", "Feeviders\TcpSocket\RapidStreamer.Feeviders.TcpSocket.SharedKernel\RapidStreamer.Feeviders.TcpSocket.SharedKernel.csproj", "{3B19D6AB-3D31-465E-BEA3-3C0D026BDE9C}"
EndProject
Project("{2150E333-8FDC-42A3-9474-1A3956D46DE8}") = "Tests", "Tests", "{439743E4-C249-48C5-8CB7-BA8F23B04731}"
EndProject
Project("{9A19103F-16F7-4668-BE54-9A1E7A4F7556}") = "RapidStreamer.UnitTests", "Tests\RapidStreamer.UnitTests\RapidStreamer.UnitTests.csproj", "{7F681CD7-ADD2-4795-B516-91D4D146E78E}"
EndProject
Project("{2150E333-8FDC-42A3-9474-1A3956D46DE8}") = ".github", ".github", "{4B11E663-85B1-457F-AB3E-6ED3797BA738}"
EndProject
Project("{2150E333-8FDC-42A3-9474-1A3956D46DE8}") = "workflows", "workflows", "{8584B253-4E84-4DCE-AA1C-90BA89BDBF3E}"
	ProjectSection(SolutionItems) = preProject
		.github\workflows\develop-beta-ci.yml = .github\workflows\develop-beta-ci.yml
		.github\workflows\develop-release-ci.yml = .github\workflows\develop-release-ci.yml
	EndProjectSection
EndProject
Project("{2150E333-8FDC-42A3-9474-1A3956D46DE8}") = "Pulsar", "Pulsar", "{B5823E80-082B-47C8-AA33-CC6FDED8C94B}"
EndProject
Project("{2150E333-8FDC-42A3-9474-1A3956D46DE8}") = "NATS", "NATS", "{66F371DE-F4A2-4B11-9351-0795C7E8667D}"
EndProject
Project("{FAE04EC0-301F-11D3-BF4B-00C04F79EFBC}") = "RapidStreamer.Feeders.Pulsar", "Feeviders\Pulsar\RapidStreamer.Feeders.Pulsar\RapidStreamer.Feeders.Pulsar.csproj", "{CB48449F-A9C1-4ABD-9CBD-400E1C703614}"
EndProject
Project("{FAE04EC0-301F-11D3-BF4B-00C04F79EFBC}") = "RapidStreamer.Providers.DotNet.Pulsar", "Feeviders\Pulsar\RapidStreamer.Providers.DotNet.Pulsar\RapidStreamer.Providers.DotNet.Pulsar.csproj", "{CF13970E-943E-401F-A177-C23156309D4C}"
EndProject
Project("{FAE04EC0-301F-11D3-BF4B-00C04F79EFBC}") = "RapidStreamer.Feeders.NATS", "Feeviders\NATS\RapidStreamer.Feeders.NATS\RapidStreamer.Feeders.NATS.csproj", "{BD1C1102-DD00-45FF-9CDD-B3885C19E9D0}"
EndProject
Project("{FAE04EC0-301F-11D3-BF4B-00C04F79EFBC}") = "RapidStreamer.Providers.DotNet.NATS", "Feeviders\NATS\RapidStreamer.Providers.DotNet.NATS\RapidStreamer.Providers.DotNet.NATS.csproj", "{87A05ADD-CDA8-4DB6-B2E0-82ACBF3C4845}"
EndProject
Project("{FAE04EC0-301F-11D3-BF4B-00C04F79EFBC}") = "RapidStreamer.Feeviders.Pulsar.SharedKernel", "Feeviders\Pulsar\RapidStreamer.Feeviders.Pulsar.SharedKernel\RapidStreamer.Feeviders.Pulsar.SharedKernel.csproj", "{FA51D0B0-5CD5-4FB2-A3FC-A9F72C83FA4B}"
EndProject
Project("{FAE04EC0-301F-11D3-BF4B-00C04F79EFBC}") = "RapidStreamer.Feeviders.NATS.SharedKernel", "Feeviders\NATS\RapidStreamer.Feeviders.NATS.SharedKernel\RapidStreamer.Feeviders.NATS.SharedKernel.csproj", "{28B8E72E-0499-4ABE-AA61-9A87BD339666}"
EndProject
Project("{2150E333-8FDC-42A3-9474-1A3956D46DE8}") = "Mqtt", "Mqtt", "{04B3DC6F-6A8B-485A-8154-3B8D599AB99B}"
EndProject
Project("{FAE04EC0-301F-11D3-BF4B-00C04F79EFBC}") = "RapidStreamer.Feeders.Mqtt", "Feeviders\Mqtt\RapidStreamer.Feeders.Mqtt\RapidStreamer.Feeders.Mqtt.csproj", "{2295DEE1-B8AE-44AA-9012-708741779B09}"
EndProject
Project("{FAE04EC0-301F-11D3-BF4B-00C04F79EFBC}") = "RapidStreamer.Providers.DotNet.Mqtt", "Feeviders\Mqtt\RapidStreamer.Providers.DotNet.Mqtt\RapidStreamer.Providers.DotNet.Mqtt.csproj", "{B6A7D1E8-FFFB-46BB-BE61-5FCFC77891B1}"
EndProject
Project("{FAE04EC0-301F-11D3-BF4B-00C04F79EFBC}") = "RapidStreamer.Feeviders.Mqtt.SharedKernel", "Feeviders\Mqtt\RapidStreamer.Feeviders.Mqtt.SharedKernel\RapidStreamer.Feeviders.Mqtt.SharedKernel.csproj", "{822943C9-8759-4326-901E-33A602E0D827}"
EndProject
Global
	GlobalSection(SolutionConfigurationPlatforms) = preSolution
		Debug|Any CPU = Debug|Any CPU
		Debug|ARM64 = Debug|ARM64
		Debug|x64 = Debug|x64
		Debug|x86 = Debug|x86
		Release|Any CPU = Release|Any CPU
		Release|ARM64 = Release|ARM64
		Release|x64 = Release|x64
		Release|x86 = Release|x86
	EndGlobalSection
	GlobalSection(ProjectConfigurationPlatforms) = postSolution
		{66DFE78C-DA8B-45F3-A989-0AA350931A42}.Debug|Any CPU.ActiveCfg = Debug|Any CPU
		{66DFE78C-DA8B-45F3-A989-0AA350931A42}.Debug|Any CPU.Build.0 = Debug|Any CPU
		{66DFE78C-DA8B-45F3-A989-0AA350931A42}.Debug|ARM64.ActiveCfg = Debug|ARM64
		{66DFE78C-DA8B-45F3-A989-0AA350931A42}.Debug|ARM64.Build.0 = Debug|ARM64
		{66DFE78C-DA8B-45F3-A989-0AA350931A42}.Debug|x64.ActiveCfg = Debug|x64
		{66DFE78C-DA8B-45F3-A989-0AA350931A42}.Debug|x64.Build.0 = Debug|x64
		{66DFE78C-DA8B-45F3-A989-0AA350931A42}.Debug|x86.ActiveCfg = Debug|x86
		{66DFE78C-DA8B-45F3-A989-0AA350931A42}.Debug|x86.Build.0 = Debug|x86
		{66DFE78C-DA8B-45F3-A989-0AA350931A42}.Release|Any CPU.ActiveCfg = Release|Any CPU
		{66DFE78C-DA8B-45F3-A989-0AA350931A42}.Release|Any CPU.Build.0 = Release|Any CPU
		{66DFE78C-DA8B-45F3-A989-0AA350931A42}.Release|ARM64.ActiveCfg = Release|ARM64
		{66DFE78C-DA8B-45F3-A989-0AA350931A42}.Release|ARM64.Build.0 = Release|ARM64
		{66DFE78C-DA8B-45F3-A989-0AA350931A42}.Release|x64.ActiveCfg = Release|x64
		{66DFE78C-DA8B-45F3-A989-0AA350931A42}.Release|x64.Build.0 = Release|x64
		{66DFE78C-DA8B-45F3-A989-0AA350931A42}.Release|x86.ActiveCfg = Release|x86
		{66DFE78C-DA8B-45F3-A989-0AA350931A42}.Release|x86.Build.0 = Release|x86
		{4A5EAC72-43AD-4AA6-8867-AC536C41FFA0}.Debug|Any CPU.ActiveCfg = Debug|Any CPU
		{4A5EAC72-43AD-4AA6-8867-AC536C41FFA0}.Debug|Any CPU.Build.0 = Debug|Any CPU
		{4A5EAC72-43AD-4AA6-8867-AC536C41FFA0}.Debug|ARM64.ActiveCfg = Debug|ARM64
		{4A5EAC72-43AD-4AA6-8867-AC536C41FFA0}.Debug|ARM64.Build.0 = Debug|ARM64
		{4A5EAC72-43AD-4AA6-8867-AC536C41FFA0}.Debug|x64.ActiveCfg = Debug|x64
		{4A5EAC72-43AD-4AA6-8867-AC536C41FFA0}.Debug|x64.Build.0 = Debug|x64
		{4A5EAC72-43AD-4AA6-8867-AC536C41FFA0}.Debug|x86.ActiveCfg = Debug|x86
		{4A5EAC72-43AD-4AA6-8867-AC536C41FFA0}.Debug|x86.Build.0 = Debug|x86
		{4A5EAC72-43AD-4AA6-8867-AC536C41FFA0}.Release|Any CPU.ActiveCfg = Release|Any CPU
		{4A5EAC72-43AD-4AA6-8867-AC536C41FFA0}.Release|Any CPU.Build.0 = Release|Any CPU
		{4A5EAC72-43AD-4AA6-8867-AC536C41FFA0}.Release|ARM64.ActiveCfg = Release|ARM64
		{4A5EAC72-43AD-4AA6-8867-AC536C41FFA0}.Release|ARM64.Build.0 = Release|ARM64
		{4A5EAC72-43AD-4AA6-8867-AC536C41FFA0}.Release|x64.ActiveCfg = Release|x64
		{4A5EAC72-43AD-4AA6-8867-AC536C41FFA0}.Release|x64.Build.0 = Release|x64
		{4A5EAC72-43AD-4AA6-8867-AC536C41FFA0}.Release|x86.ActiveCfg = Release|x86
		{4A5EAC72-43AD-4AA6-8867-AC536C41FFA0}.Release|x86.Build.0 = Release|x86
		{A7306808-01EB-4265-AF51-43C71EE85644}.Debug|Any CPU.ActiveCfg = Debug|Any CPU
		{A7306808-01EB-4265-AF51-43C71EE85644}.Debug|Any CPU.Build.0 = Debug|Any CPU
		{A7306808-01EB-4265-AF51-43C71EE85644}.Debug|ARM64.ActiveCfg = Debug|ARM64
		{A7306808-01EB-4265-AF51-43C71EE85644}.Debug|ARM64.Build.0 = Debug|ARM64
		{A7306808-01EB-4265-AF51-43C71EE85644}.Debug|x64.ActiveCfg = Debug|x64
		{A7306808-01EB-4265-AF51-43C71EE85644}.Debug|x64.Build.0 = Debug|x64
		{A7306808-01EB-4265-AF51-43C71EE85644}.Debug|x86.ActiveCfg = Debug|x86
		{A7306808-01EB-4265-AF51-43C71EE85644}.Debug|x86.Build.0 = Debug|x86
		{A7306808-01EB-4265-AF51-43C71EE85644}.Release|Any CPU.ActiveCfg = Release|Any CPU
		{A7306808-01EB-4265-AF51-43C71EE85644}.Release|Any CPU.Build.0 = Release|Any CPU
		{A7306808-01EB-4265-AF51-43C71EE85644}.Release|ARM64.ActiveCfg = Release|ARM64
		{A7306808-01EB-4265-AF51-43C71EE85644}.Release|ARM64.Build.0 = Release|ARM64
		{A7306808-01EB-4265-AF51-43C71EE85644}.Release|x64.ActiveCfg = Release|x64
		{A7306808-01EB-4265-AF51-43C71EE85644}.Release|x64.Build.0 = Release|x64
		{A7306808-01EB-4265-AF51-43C71EE85644}.Release|x86.ActiveCfg = Release|x86
		{A7306808-01EB-4265-AF51-43C71EE85644}.Release|x86.Build.0 = Release|x86
		{246B41C6-C04F-4E15-B56C-6FE78F699501}.Debug|Any CPU.ActiveCfg = Debug|Any CPU
		{246B41C6-C04F-4E15-B56C-6FE78F699501}.Debug|Any CPU.Build.0 = Debug|Any CPU
		{246B41C6-C04F-4E15-B56C-6FE78F699501}.Debug|ARM64.ActiveCfg = Debug|ARM64
		{246B41C6-C04F-4E15-B56C-6FE78F699501}.Debug|ARM64.Build.0 = Debug|ARM64
		{246B41C6-C04F-4E15-B56C-6FE78F699501}.Debug|x64.ActiveCfg = Debug|x64
		{246B41C6-C04F-4E15-B56C-6FE78F699501}.Debug|x64.Build.0 = Debug|x64
		{246B41C6-C04F-4E15-B56C-6FE78F699501}.Debug|x86.ActiveCfg = Debug|x86
		{246B41C6-C04F-4E15-B56C-6FE78F699501}.Debug|x86.Build.0 = Debug|x86
		{246B41C6-C04F-4E15-B56C-6FE78F699501}.Release|Any CPU.ActiveCfg = Release|Any CPU
		{246B41C6-C04F-4E15-B56C-6FE78F699501}.Release|Any CPU.Build.0 = Release|Any CPU
		{246B41C6-C04F-4E15-B56C-6FE78F699501}.Release|ARM64.ActiveCfg = Release|ARM64
		{246B41C6-C04F-4E15-B56C-6FE78F699501}.Release|ARM64.Build.0 = Release|ARM64
		{246B41C6-C04F-4E15-B56C-6FE78F699501}.Release|x64.ActiveCfg = Release|x64
		{246B41C6-C04F-4E15-B56C-6FE78F699501}.Release|x64.Build.0 = Release|x64
		{246B41C6-C04F-4E15-B56C-6FE78F699501}.Release|x86.ActiveCfg = Release|x86
		{246B41C6-C04F-4E15-B56C-6FE78F699501}.Release|x86.Build.0 = Release|x86
		{7EB198CF-3194-4C2F-B7D6-84A2721A3839}.Debug|Any CPU.ActiveCfg = Debug|Any CPU
		{7EB198CF-3194-4C2F-B7D6-84A2721A3839}.Debug|Any CPU.Build.0 = Debug|Any CPU
		{7EB198CF-3194-4C2F-B7D6-84A2721A3839}.Debug|ARM64.ActiveCfg = Debug|ARM64
		{7EB198CF-3194-4C2F-B7D6-84A2721A3839}.Debug|ARM64.Build.0 = Debug|ARM64
		{7EB198CF-3194-4C2F-B7D6-84A2721A3839}.Debug|x64.ActiveCfg = Debug|x64
		{7EB198CF-3194-4C2F-B7D6-84A2721A3839}.Debug|x64.Build.0 = Debug|x64
		{7EB198CF-3194-4C2F-B7D6-84A2721A3839}.Debug|x86.ActiveCfg = Debug|x86
		{7EB198CF-3194-4C2F-B7D6-84A2721A3839}.Debug|x86.Build.0 = Debug|x86
		{7EB198CF-3194-4C2F-B7D6-84A2721A3839}.Release|Any CPU.ActiveCfg = Release|Any CPU
		{7EB198CF-3194-4C2F-B7D6-84A2721A3839}.Release|Any CPU.Build.0 = Release|Any CPU
		{7EB198CF-3194-4C2F-B7D6-84A2721A3839}.Release|ARM64.ActiveCfg = Release|ARM64
		{7EB198CF-3194-4C2F-B7D6-84A2721A3839}.Release|ARM64.Build.0 = Release|ARM64
		{7EB198CF-3194-4C2F-B7D6-84A2721A3839}.Release|x64.ActiveCfg = Release|x64
		{7EB198CF-3194-4C2F-B7D6-84A2721A3839}.Release|x64.Build.0 = Release|x64
		{7EB198CF-3194-4C2F-B7D6-84A2721A3839}.Release|x86.ActiveCfg = Release|x86
		{7EB198CF-3194-4C2F-B7D6-84A2721A3839}.Release|x86.Build.0 = Release|x86
		{10040D9B-A457-4D33-A78D-ECBA10AC814D}.Debug|Any CPU.ActiveCfg = Debug|Any CPU
		{10040D9B-A457-4D33-A78D-ECBA10AC814D}.Debug|Any CPU.Build.0 = Debug|Any CPU
		{10040D9B-A457-4D33-A78D-ECBA10AC814D}.Debug|ARM64.ActiveCfg = Debug|ARM64
		{10040D9B-A457-4D33-A78D-ECBA10AC814D}.Debug|ARM64.Build.0 = Debug|ARM64
		{10040D9B-A457-4D33-A78D-ECBA10AC814D}.Debug|x64.ActiveCfg = Debug|x64
		{10040D9B-A457-4D33-A78D-ECBA10AC814D}.Debug|x64.Build.0 = Debug|x64
		{10040D9B-A457-4D33-A78D-ECBA10AC814D}.Debug|x86.ActiveCfg = Debug|x86
		{10040D9B-A457-4D33-A78D-ECBA10AC814D}.Debug|x86.Build.0 = Debug|x86
		{10040D9B-A457-4D33-A78D-ECBA10AC814D}.Release|Any CPU.ActiveCfg = Release|Any CPU
		{10040D9B-A457-4D33-A78D-ECBA10AC814D}.Release|Any CPU.Build.0 = Release|Any CPU
		{10040D9B-A457-4D33-A78D-ECBA10AC814D}.Release|ARM64.ActiveCfg = Release|ARM64
		{10040D9B-A457-4D33-A78D-ECBA10AC814D}.Release|ARM64.Build.0 = Release|ARM64
		{10040D9B-A457-4D33-A78D-ECBA10AC814D}.Release|x64.ActiveCfg = Release|x64
		{10040D9B-A457-4D33-A78D-ECBA10AC814D}.Release|x64.Build.0 = Release|x64
		{10040D9B-A457-4D33-A78D-ECBA10AC814D}.Release|x86.ActiveCfg = Release|x86
		{10040D9B-A457-4D33-A78D-ECBA10AC814D}.Release|x86.Build.0 = Release|x86
		{47B64F14-9B97-42A5-98E6-517165B2C052}.Debug|Any CPU.ActiveCfg = Debug|Any CPU
		{47B64F14-9B97-42A5-98E6-517165B2C052}.Debug|Any CPU.Build.0 = Debug|Any CPU
		{47B64F14-9B97-42A5-98E6-517165B2C052}.Debug|ARM64.ActiveCfg = Debug|ARM64
		{47B64F14-9B97-42A5-98E6-517165B2C052}.Debug|ARM64.Build.0 = Debug|ARM64
		{47B64F14-9B97-42A5-98E6-517165B2C052}.Debug|x64.ActiveCfg = Debug|x64
		{47B64F14-9B97-42A5-98E6-517165B2C052}.Debug|x64.Build.0 = Debug|x64
		{47B64F14-9B97-42A5-98E6-517165B2C052}.Debug|x86.ActiveCfg = Debug|x86
		{47B64F14-9B97-42A5-98E6-517165B2C052}.Debug|x86.Build.0 = Debug|x86
		{47B64F14-9B97-42A5-98E6-517165B2C052}.Release|Any CPU.ActiveCfg = Release|Any CPU
		{47B64F14-9B97-42A5-98E6-517165B2C052}.Release|Any CPU.Build.0 = Release|Any CPU
		{47B64F14-9B97-42A5-98E6-517165B2C052}.Release|ARM64.ActiveCfg = Release|ARM64
		{47B64F14-9B97-42A5-98E6-517165B2C052}.Release|ARM64.Build.0 = Release|ARM64
		{47B64F14-9B97-42A5-98E6-517165B2C052}.Release|x64.ActiveCfg = Release|x64
		{47B64F14-9B97-42A5-98E6-517165B2C052}.Release|x64.Build.0 = Release|x64
		{47B64F14-9B97-42A5-98E6-517165B2C052}.Release|x86.ActiveCfg = Release|x86
		{47B64F14-9B97-42A5-98E6-517165B2C052}.Release|x86.Build.0 = Release|x86
		{2810B7C0-9F32-4705-A91D-E02D7AC112CE}.Debug|Any CPU.ActiveCfg = Debug|Any CPU
		{2810B7C0-9F32-4705-A91D-E02D7AC112CE}.Debug|Any CPU.Build.0 = Debug|Any CPU
		{2810B7C0-9F32-4705-A91D-E02D7AC112CE}.Debug|ARM64.ActiveCfg = Debug|ARM64
		{2810B7C0-9F32-4705-A91D-E02D7AC112CE}.Debug|ARM64.Build.0 = Debug|ARM64
		{2810B7C0-9F32-4705-A91D-E02D7AC112CE}.Debug|x64.ActiveCfg = Debug|x64
		{2810B7C0-9F32-4705-A91D-E02D7AC112CE}.Debug|x64.Build.0 = Debug|x64
		{2810B7C0-9F32-4705-A91D-E02D7AC112CE}.Debug|x86.ActiveCfg = Debug|x86
		{2810B7C0-9F32-4705-A91D-E02D7AC112CE}.Debug|x86.Build.0 = Debug|x86
		{2810B7C0-9F32-4705-A91D-E02D7AC112CE}.Release|Any CPU.ActiveCfg = Release|Any CPU
		{2810B7C0-9F32-4705-A91D-E02D7AC112CE}.Release|Any CPU.Build.0 = Release|Any CPU
		{2810B7C0-9F32-4705-A91D-E02D7AC112CE}.Release|ARM64.ActiveCfg = Release|ARM64
		{2810B7C0-9F32-4705-A91D-E02D7AC112CE}.Release|ARM64.Build.0 = Release|ARM64
		{2810B7C0-9F32-4705-A91D-E02D7AC112CE}.Release|x64.ActiveCfg = Release|x64
		{2810B7C0-9F32-4705-A91D-E02D7AC112CE}.Release|x64.Build.0 = Release|x64
		{2810B7C0-9F32-4705-A91D-E02D7AC112CE}.Release|x86.ActiveCfg = Release|x86
		{2810B7C0-9F32-4705-A91D-E02D7AC112CE}.Release|x86.Build.0 = Release|x86
		{88F94E5F-100D-4502-AC32-F07878F98B6A}.Debug|Any CPU.ActiveCfg = Debug|Any CPU
		{88F94E5F-100D-4502-AC32-F07878F98B6A}.Debug|Any CPU.Build.0 = Debug|Any CPU
		{88F94E5F-100D-4502-AC32-F07878F98B6A}.Debug|ARM64.ActiveCfg = Debug|ARM64
		{88F94E5F-100D-4502-AC32-F07878F98B6A}.Debug|ARM64.Build.0 = Debug|ARM64
		{88F94E5F-100D-4502-AC32-F07878F98B6A}.Debug|x64.ActiveCfg = Debug|x64
		{88F94E5F-100D-4502-AC32-F07878F98B6A}.Debug|x64.Build.0 = Debug|x64
		{88F94E5F-100D-4502-AC32-F07878F98B6A}.Debug|x86.ActiveCfg = Debug|x86
		{88F94E5F-100D-4502-AC32-F07878F98B6A}.Debug|x86.Build.0 = Debug|x86
		{88F94E5F-100D-4502-AC32-F07878F98B6A}.Release|Any CPU.ActiveCfg = Release|Any CPU
		{88F94E5F-100D-4502-AC32-F07878F98B6A}.Release|Any CPU.Build.0 = Release|Any CPU
		{88F94E5F-100D-4502-AC32-F07878F98B6A}.Release|ARM64.ActiveCfg = Release|ARM64
		{88F94E5F-100D-4502-AC32-F07878F98B6A}.Release|ARM64.Build.0 = Release|ARM64
		{88F94E5F-100D-4502-AC32-F07878F98B6A}.Release|x64.ActiveCfg = Release|x64
		{88F94E5F-100D-4502-AC32-F07878F98B6A}.Release|x64.Build.0 = Release|x64
		{88F94E5F-100D-4502-AC32-F07878F98B6A}.Release|x86.ActiveCfg = Release|x86
		{88F94E5F-100D-4502-AC32-F07878F98B6A}.Release|x86.Build.0 = Release|x86
		{4696EC5A-C9F1-4328-B3B4-AAC69A2A1B2B}.Debug|Any CPU.ActiveCfg = Debug|Any CPU
		{4696EC5A-C9F1-4328-B3B4-AAC69A2A1B2B}.Debug|Any CPU.Build.0 = Debug|Any CPU
		{4696EC5A-C9F1-4328-B3B4-AAC69A2A1B2B}.Debug|ARM64.ActiveCfg = Debug|ARM64
		{4696EC5A-C9F1-4328-B3B4-AAC69A2A1B2B}.Debug|ARM64.Build.0 = Debug|ARM64
		{4696EC5A-C9F1-4328-B3B4-AAC69A2A1B2B}.Debug|x64.ActiveCfg = Debug|x64
		{4696EC5A-C9F1-4328-B3B4-AAC69A2A1B2B}.Debug|x64.Build.0 = Debug|x64
		{4696EC5A-C9F1-4328-B3B4-AAC69A2A1B2B}.Debug|x86.ActiveCfg = Debug|x86
		{4696EC5A-C9F1-4328-B3B4-AAC69A2A1B2B}.Debug|x86.Build.0 = Debug|x86
		{4696EC5A-C9F1-4328-B3B4-AAC69A2A1B2B}.Release|Any CPU.ActiveCfg = Release|Any CPU
		{4696EC5A-C9F1-4328-B3B4-AAC69A2A1B2B}.Release|Any CPU.Build.0 = Release|Any CPU
		{4696EC5A-C9F1-4328-B3B4-AAC69A2A1B2B}.Release|ARM64.ActiveCfg = Release|ARM64
		{4696EC5A-C9F1-4328-B3B4-AAC69A2A1B2B}.Release|ARM64.Build.0 = Release|ARM64
		{4696EC5A-C9F1-4328-B3B4-AAC69A2A1B2B}.Release|x64.ActiveCfg = Release|x64
		{4696EC5A-C9F1-4328-B3B4-AAC69A2A1B2B}.Release|x64.Build.0 = Release|x64
		{4696EC5A-C9F1-4328-B3B4-AAC69A2A1B2B}.Release|x86.ActiveCfg = Release|x86
		{4696EC5A-C9F1-4328-B3B4-AAC69A2A1B2B}.Release|x86.Build.0 = Release|x86
		{0C3E953D-3A06-4B9A-BFFD-A2779CF75457}.Debug|Any CPU.ActiveCfg = Debug|Any CPU
		{0C3E953D-3A06-4B9A-BFFD-A2779CF75457}.Debug|Any CPU.Build.0 = Debug|Any CPU
		{0C3E953D-3A06-4B9A-BFFD-A2779CF75457}.Debug|ARM64.ActiveCfg = Debug|ARM64
		{0C3E953D-3A06-4B9A-BFFD-A2779CF75457}.Debug|ARM64.Build.0 = Debug|ARM64
		{0C3E953D-3A06-4B9A-BFFD-A2779CF75457}.Debug|x64.ActiveCfg = Debug|x64
		{0C3E953D-3A06-4B9A-BFFD-A2779CF75457}.Debug|x64.Build.0 = Debug|x64
		{0C3E953D-3A06-4B9A-BFFD-A2779CF75457}.Debug|x86.ActiveCfg = Debug|x86
		{0C3E953D-3A06-4B9A-BFFD-A2779CF75457}.Debug|x86.Build.0 = Debug|x86
		{0C3E953D-3A06-4B9A-BFFD-A2779CF75457}.Release|Any CPU.ActiveCfg = Release|Any CPU
		{0C3E953D-3A06-4B9A-BFFD-A2779CF75457}.Release|Any CPU.Build.0 = Release|Any CPU
		{0C3E953D-3A06-4B9A-BFFD-A2779CF75457}.Release|ARM64.ActiveCfg = Release|ARM64
		{0C3E953D-3A06-4B9A-BFFD-A2779CF75457}.Release|ARM64.Build.0 = Release|ARM64
		{0C3E953D-3A06-4B9A-BFFD-A2779CF75457}.Release|x64.ActiveCfg = Release|x64
		{0C3E953D-3A06-4B9A-BFFD-A2779CF75457}.Release|x64.Build.0 = Release|x64
		{0C3E953D-3A06-4B9A-BFFD-A2779CF75457}.Release|x86.ActiveCfg = Release|x86
		{0C3E953D-3A06-4B9A-BFFD-A2779CF75457}.Release|x86.Build.0 = Release|x86
		{3F752FEB-3CEB-47E0-B012-62035966D238}.Debug|Any CPU.ActiveCfg = Debug|Any CPU
		{3F752FEB-3CEB-47E0-B012-62035966D238}.Debug|Any CPU.Build.0 = Debug|Any CPU
		{3F752FEB-3CEB-47E0-B012-62035966D238}.Debug|ARM64.ActiveCfg = Debug|ARM64
		{3F752FEB-3CEB-47E0-B012-62035966D238}.Debug|ARM64.Build.0 = Debug|ARM64
		{3F752FEB-3CEB-47E0-B012-62035966D238}.Debug|x64.ActiveCfg = Debug|x64
		{3F752FEB-3CEB-47E0-B012-62035966D238}.Debug|x64.Build.0 = Debug|x64
		{3F752FEB-3CEB-47E0-B012-62035966D238}.Debug|x86.ActiveCfg = Debug|x86
		{3F752FEB-3CEB-47E0-B012-62035966D238}.Debug|x86.Build.0 = Debug|x86
		{3F752FEB-3CEB-47E0-B012-62035966D238}.Release|Any CPU.ActiveCfg = Release|Any CPU
		{3F752FEB-3CEB-47E0-B012-62035966D238}.Release|Any CPU.Build.0 = Release|Any CPU
		{3F752FEB-3CEB-47E0-B012-62035966D238}.Release|ARM64.ActiveCfg = Release|ARM64
		{3F752FEB-3CEB-47E0-B012-62035966D238}.Release|ARM64.Build.0 = Release|ARM64
		{3F752FEB-3CEB-47E0-B012-62035966D238}.Release|x64.ActiveCfg = Release|x64
		{3F752FEB-3CEB-47E0-B012-62035966D238}.Release|x64.Build.0 = Release|x64
		{3F752FEB-3CEB-47E0-B012-62035966D238}.Release|x86.ActiveCfg = Release|x86
		{3F752FEB-3CEB-47E0-B012-62035966D238}.Release|x86.Build.0 = Release|x86
		{973FBC44-EAB3-445F-8D90-F1A94A468574}.Debug|Any CPU.ActiveCfg = Debug|Any CPU
		{973FBC44-EAB3-445F-8D90-F1A94A468574}.Debug|Any CPU.Build.0 = Debug|Any CPU
		{973FBC44-EAB3-445F-8D90-F1A94A468574}.Debug|ARM64.ActiveCfg = Debug|ARM64
		{973FBC44-EAB3-445F-8D90-F1A94A468574}.Debug|ARM64.Build.0 = Debug|ARM64
		{973FBC44-EAB3-445F-8D90-F1A94A468574}.Debug|x64.ActiveCfg = Debug|x64
		{973FBC44-EAB3-445F-8D90-F1A94A468574}.Debug|x64.Build.0 = Debug|x64
		{973FBC44-EAB3-445F-8D90-F1A94A468574}.Debug|x86.ActiveCfg = Debug|x86
		{973FBC44-EAB3-445F-8D90-F1A94A468574}.Debug|x86.Build.0 = Debug|x86
		{973FBC44-EAB3-445F-8D90-F1A94A468574}.Release|Any CPU.ActiveCfg = Release|Any CPU
		{973FBC44-EAB3-445F-8D90-F1A94A468574}.Release|Any CPU.Build.0 = Release|Any CPU
		{973FBC44-EAB3-445F-8D90-F1A94A468574}.Release|ARM64.ActiveCfg = Release|ARM64
		{973FBC44-EAB3-445F-8D90-F1A94A468574}.Release|ARM64.Build.0 = Release|ARM64
		{973FBC44-EAB3-445F-8D90-F1A94A468574}.Release|x64.ActiveCfg = Release|x64
		{973FBC44-EAB3-445F-8D90-F1A94A468574}.Release|x64.Build.0 = Release|x64
		{973FBC44-EAB3-445F-8D90-F1A94A468574}.Release|x86.ActiveCfg = Release|x86
		{973FBC44-EAB3-445F-8D90-F1A94A468574}.Release|x86.Build.0 = Release|x86
		{D0AD5CE0-6FDA-4821-8BA9-B8CF00F6E10F}.Debug|Any CPU.ActiveCfg = Debug|Any CPU
		{D0AD5CE0-6FDA-4821-8BA9-B8CF00F6E10F}.Debug|Any CPU.Build.0 = Debug|Any CPU
		{D0AD5CE0-6FDA-4821-8BA9-B8CF00F6E10F}.Debug|ARM64.ActiveCfg = Debug|ARM64
		{D0AD5CE0-6FDA-4821-8BA9-B8CF00F6E10F}.Debug|ARM64.Build.0 = Debug|ARM64
		{D0AD5CE0-6FDA-4821-8BA9-B8CF00F6E10F}.Debug|x64.ActiveCfg = Debug|x64
		{D0AD5CE0-6FDA-4821-8BA9-B8CF00F6E10F}.Debug|x64.Build.0 = Debug|x64
		{D0AD5CE0-6FDA-4821-8BA9-B8CF00F6E10F}.Debug|x86.ActiveCfg = Debug|x86
		{D0AD5CE0-6FDA-4821-8BA9-B8CF00F6E10F}.Debug|x86.Build.0 = Debug|x86
		{D0AD5CE0-6FDA-4821-8BA9-B8CF00F6E10F}.Release|Any CPU.ActiveCfg = Release|Any CPU
		{D0AD5CE0-6FDA-4821-8BA9-B8CF00F6E10F}.Release|Any CPU.Build.0 = Release|Any CPU
		{D0AD5CE0-6FDA-4821-8BA9-B8CF00F6E10F}.Release|ARM64.ActiveCfg = Release|ARM64
		{D0AD5CE0-6FDA-4821-8BA9-B8CF00F6E10F}.Release|ARM64.Build.0 = Release|ARM64
		{D0AD5CE0-6FDA-4821-8BA9-B8CF00F6E10F}.Release|x64.ActiveCfg = Release|x64
		{D0AD5CE0-6FDA-4821-8BA9-B8CF00F6E10F}.Release|x64.Build.0 = Release|x64
		{D0AD5CE0-6FDA-4821-8BA9-B8CF00F6E10F}.Release|x86.ActiveCfg = Release|x86
		{D0AD5CE0-6FDA-4821-8BA9-B8CF00F6E10F}.Release|x86.Build.0 = Release|x86
		{47FA9C13-91C4-4316-93BA-577F9731617B}.Debug|Any CPU.ActiveCfg = Debug|Any CPU
		{47FA9C13-91C4-4316-93BA-577F9731617B}.Debug|Any CPU.Build.0 = Debug|Any CPU
		{47FA9C13-91C4-4316-93BA-577F9731617B}.Debug|ARM64.ActiveCfg = Debug|ARM64
		{47FA9C13-91C4-4316-93BA-577F9731617B}.Debug|ARM64.Build.0 = Debug|ARM64
		{47FA9C13-91C4-4316-93BA-577F9731617B}.Debug|x64.ActiveCfg = Debug|x64
		{47FA9C13-91C4-4316-93BA-577F9731617B}.Debug|x64.Build.0 = Debug|x64
		{47FA9C13-91C4-4316-93BA-577F9731617B}.Debug|x86.ActiveCfg = Debug|x86
		{47FA9C13-91C4-4316-93BA-577F9731617B}.Debug|x86.Build.0 = Debug|x86
		{47FA9C13-91C4-4316-93BA-577F9731617B}.Release|Any CPU.ActiveCfg = Release|Any CPU
		{47FA9C13-91C4-4316-93BA-577F9731617B}.Release|Any CPU.Build.0 = Release|Any CPU
		{47FA9C13-91C4-4316-93BA-577F9731617B}.Release|ARM64.ActiveCfg = Release|ARM64
		{47FA9C13-91C4-4316-93BA-577F9731617B}.Release|ARM64.Build.0 = Release|ARM64
		{47FA9C13-91C4-4316-93BA-577F9731617B}.Release|x64.ActiveCfg = Release|x64
		{47FA9C13-91C4-4316-93BA-577F9731617B}.Release|x64.Build.0 = Release|x64
		{47FA9C13-91C4-4316-93BA-577F9731617B}.Release|x86.ActiveCfg = Release|x86
		{47FA9C13-91C4-4316-93BA-577F9731617B}.Release|x86.Build.0 = Release|x86
		{6C2C4DAD-9F79-4AA9-A502-1BBF98325507}.Debug|Any CPU.ActiveCfg = Debug|Any CPU
		{6C2C4DAD-9F79-4AA9-A502-1BBF98325507}.Debug|Any CPU.Build.0 = Debug|Any CPU
		{6C2C4DAD-9F79-4AA9-A502-1BBF98325507}.Debug|ARM64.ActiveCfg = Debug|ARM64
		{6C2C4DAD-9F79-4AA9-A502-1BBF98325507}.Debug|ARM64.Build.0 = Debug|ARM64
		{6C2C4DAD-9F79-4AA9-A502-1BBF98325507}.Debug|x64.ActiveCfg = Debug|x64
		{6C2C4DAD-9F79-4AA9-A502-1BBF98325507}.Debug|x64.Build.0 = Debug|x64
		{6C2C4DAD-9F79-4AA9-A502-1BBF98325507}.Debug|x86.ActiveCfg = Debug|x86
		{6C2C4DAD-9F79-4AA9-A502-1BBF98325507}.Debug|x86.Build.0 = Debug|x86
		{6C2C4DAD-9F79-4AA9-A502-1BBF98325507}.Release|Any CPU.ActiveCfg = Release|Any CPU
		{6C2C4DAD-9F79-4AA9-A502-1BBF98325507}.Release|Any CPU.Build.0 = Release|Any CPU
		{6C2C4DAD-9F79-4AA9-A502-1BBF98325507}.Release|ARM64.ActiveCfg = Release|ARM64
		{6C2C4DAD-9F79-4AA9-A502-1BBF98325507}.Release|ARM64.Build.0 = Release|ARM64
		{6C2C4DAD-9F79-4AA9-A502-1BBF98325507}.Release|x64.ActiveCfg = Release|x64
		{6C2C4DAD-9F79-4AA9-A502-1BBF98325507}.Release|x64.Build.0 = Release|x64
		{6C2C4DAD-9F79-4AA9-A502-1BBF98325507}.Release|x86.ActiveCfg = Release|x86
		{6C2C4DAD-9F79-4AA9-A502-1BBF98325507}.Release|x86.Build.0 = Release|x86
		{32884628-0358-467B-8BB3-B523875E3B8E}.Debug|Any CPU.ActiveCfg = Debug|Any CPU
		{32884628-0358-467B-8BB3-B523875E3B8E}.Debug|Any CPU.Build.0 = Debug|Any CPU
		{32884628-0358-467B-8BB3-B523875E3B8E}.Debug|ARM64.ActiveCfg = Debug|ARM64
		{32884628-0358-467B-8BB3-B523875E3B8E}.Debug|ARM64.Build.0 = Debug|ARM64
		{32884628-0358-467B-8BB3-B523875E3B8E}.Debug|x64.ActiveCfg = Debug|x64
		{32884628-0358-467B-8BB3-B523875E3B8E}.Debug|x64.Build.0 = Debug|x64
		{32884628-0358-467B-8BB3-B523875E3B8E}.Debug|x86.ActiveCfg = Debug|x86
		{32884628-0358-467B-8BB3-B523875E3B8E}.Debug|x86.Build.0 = Debug|x86
		{32884628-0358-467B-8BB3-B523875E3B8E}.Release|Any CPU.ActiveCfg = Release|Any CPU
		{32884628-0358-467B-8BB3-B523875E3B8E}.Release|Any CPU.Build.0 = Release|Any CPU
		{32884628-0358-467B-8BB3-B523875E3B8E}.Release|ARM64.ActiveCfg = Release|ARM64
		{32884628-0358-467B-8BB3-B523875E3B8E}.Release|ARM64.Build.0 = Release|ARM64
		{32884628-0358-467B-8BB3-B523875E3B8E}.Release|x64.ActiveCfg = Release|x64
		{32884628-0358-467B-8BB3-B523875E3B8E}.Release|x64.Build.0 = Release|x64
		{32884628-0358-467B-8BB3-B523875E3B8E}.Release|x86.ActiveCfg = Release|x86
		{32884628-0358-467B-8BB3-B523875E3B8E}.Release|x86.Build.0 = Release|x86
		{4B27547F-350D-473F-AA28-A0A8D0172769}.Debug|Any CPU.ActiveCfg = Debug|Any CPU
		{4B27547F-350D-473F-AA28-A0A8D0172769}.Debug|Any CPU.Build.0 = Debug|Any CPU
		{4B27547F-350D-473F-AA28-A0A8D0172769}.Debug|ARM64.ActiveCfg = Debug|ARM64
		{4B27547F-350D-473F-AA28-A0A8D0172769}.Debug|ARM64.Build.0 = Debug|ARM64
		{4B27547F-350D-473F-AA28-A0A8D0172769}.Debug|x64.ActiveCfg = Debug|x64
		{4B27547F-350D-473F-AA28-A0A8D0172769}.Debug|x64.Build.0 = Debug|x64
		{4B27547F-350D-473F-AA28-A0A8D0172769}.Debug|x86.ActiveCfg = Debug|x86
		{4B27547F-350D-473F-AA28-A0A8D0172769}.Debug|x86.Build.0 = Debug|x86
		{4B27547F-350D-473F-AA28-A0A8D0172769}.Release|Any CPU.ActiveCfg = Release|Any CPU
		{4B27547F-350D-473F-AA28-A0A8D0172769}.Release|Any CPU.Build.0 = Release|Any CPU
		{4B27547F-350D-473F-AA28-A0A8D0172769}.Release|ARM64.ActiveCfg = Release|ARM64
		{4B27547F-350D-473F-AA28-A0A8D0172769}.Release|ARM64.Build.0 = Release|ARM64
		{4B27547F-350D-473F-AA28-A0A8D0172769}.Release|x64.ActiveCfg = Release|x64
		{4B27547F-350D-473F-AA28-A0A8D0172769}.Release|x64.Build.0 = Release|x64
		{4B27547F-350D-473F-AA28-A0A8D0172769}.Release|x86.ActiveCfg = Release|x86
		{4B27547F-350D-473F-AA28-A0A8D0172769}.Release|x86.Build.0 = Release|x86
		{82BFD6E5-D5D1-42F1-A0EE-8C40E2D76DD9}.Debug|Any CPU.ActiveCfg = Debug|Any CPU
		{82BFD6E5-D5D1-42F1-A0EE-8C40E2D76DD9}.Debug|Any CPU.Build.0 = Debug|Any CPU
		{82BFD6E5-D5D1-42F1-A0EE-8C40E2D76DD9}.Debug|ARM64.ActiveCfg = Debug|ARM64
		{82BFD6E5-D5D1-42F1-A0EE-8C40E2D76DD9}.Debug|ARM64.Build.0 = Debug|ARM64
		{82BFD6E5-D5D1-42F1-A0EE-8C40E2D76DD9}.Debug|x64.ActiveCfg = Debug|x64
		{82BFD6E5-D5D1-42F1-A0EE-8C40E2D76DD9}.Debug|x64.Build.0 = Debug|x64
		{82BFD6E5-D5D1-42F1-A0EE-8C40E2D76DD9}.Debug|x86.ActiveCfg = Debug|x86
		{82BFD6E5-D5D1-42F1-A0EE-8C40E2D76DD9}.Debug|x86.Build.0 = Debug|x86
		{82BFD6E5-D5D1-42F1-A0EE-8C40E2D76DD9}.Release|Any CPU.ActiveCfg = Release|Any CPU
		{82BFD6E5-D5D1-42F1-A0EE-8C40E2D76DD9}.Release|Any CPU.Build.0 = Release|Any CPU
		{82BFD6E5-D5D1-42F1-A0EE-8C40E2D76DD9}.Release|ARM64.ActiveCfg = Release|ARM64
		{82BFD6E5-D5D1-42F1-A0EE-8C40E2D76DD9}.Release|ARM64.Build.0 = Release|ARM64
		{82BFD6E5-D5D1-42F1-A0EE-8C40E2D76DD9}.Release|x64.ActiveCfg = Release|x64
		{82BFD6E5-D5D1-42F1-A0EE-8C40E2D76DD9}.Release|x64.Build.0 = Release|x64
		{82BFD6E5-D5D1-42F1-A0EE-8C40E2D76DD9}.Release|x86.ActiveCfg = Release|x86
		{82BFD6E5-D5D1-42F1-A0EE-8C40E2D76DD9}.Release|x86.Build.0 = Release|x86
		{F036C1A3-00E7-4723-8D40-CFC8C3AB9E80}.Debug|Any CPU.ActiveCfg = Debug|Any CPU
		{F036C1A3-00E7-4723-8D40-CFC8C3AB9E80}.Debug|Any CPU.Build.0 = Debug|Any CPU
		{F036C1A3-00E7-4723-8D40-CFC8C3AB9E80}.Debug|ARM64.ActiveCfg = Debug|ARM64
		{F036C1A3-00E7-4723-8D40-CFC8C3AB9E80}.Debug|ARM64.Build.0 = Debug|ARM64
		{F036C1A3-00E7-4723-8D40-CFC8C3AB9E80}.Debug|x64.ActiveCfg = Debug|x64
		{F036C1A3-00E7-4723-8D40-CFC8C3AB9E80}.Debug|x64.Build.0 = Debug|x64
		{F036C1A3-00E7-4723-8D40-CFC8C3AB9E80}.Debug|x86.ActiveCfg = Debug|x86
		{F036C1A3-00E7-4723-8D40-CFC8C3AB9E80}.Debug|x86.Build.0 = Debug|x86
		{F036C1A3-00E7-4723-8D40-CFC8C3AB9E80}.Release|Any CPU.ActiveCfg = Release|Any CPU
		{F036C1A3-00E7-4723-8D40-CFC8C3AB9E80}.Release|Any CPU.Build.0 = Release|Any CPU
		{F036C1A3-00E7-4723-8D40-CFC8C3AB9E80}.Release|ARM64.ActiveCfg = Release|ARM64
		{F036C1A3-00E7-4723-8D40-CFC8C3AB9E80}.Release|ARM64.Build.0 = Release|ARM64
		{F036C1A3-00E7-4723-8D40-CFC8C3AB9E80}.Release|x64.ActiveCfg = Release|x64
		{F036C1A3-00E7-4723-8D40-CFC8C3AB9E80}.Release|x64.Build.0 = Release|x64
		{F036C1A3-00E7-4723-8D40-CFC8C3AB9E80}.Release|x86.ActiveCfg = Release|x86
		{F036C1A3-00E7-4723-8D40-CFC8C3AB9E80}.Release|x86.Build.0 = Release|x86
		{3B19D6AB-3D31-465E-BEA3-3C0D026BDE9C}.Debug|Any CPU.ActiveCfg = Debug|Any CPU
		{3B19D6AB-3D31-465E-BEA3-3C0D026BDE9C}.Debug|Any CPU.Build.0 = Debug|Any CPU
		{3B19D6AB-3D31-465E-BEA3-3C0D026BDE9C}.Debug|ARM64.ActiveCfg = Debug|ARM64
		{3B19D6AB-3D31-465E-BEA3-3C0D026BDE9C}.Debug|ARM64.Build.0 = Debug|ARM64
		{3B19D6AB-3D31-465E-BEA3-3C0D026BDE9C}.Debug|x64.ActiveCfg = Debug|x64
		{3B19D6AB-3D31-465E-BEA3-3C0D026BDE9C}.Debug|x64.Build.0 = Debug|x64
		{3B19D6AB-3D31-465E-BEA3-3C0D026BDE9C}.Debug|x86.ActiveCfg = Debug|x86
		{3B19D6AB-3D31-465E-BEA3-3C0D026BDE9C}.Debug|x86.Build.0 = Debug|x86
		{3B19D6AB-3D31-465E-BEA3-3C0D026BDE9C}.Release|Any CPU.ActiveCfg = Release|Any CPU
		{3B19D6AB-3D31-465E-BEA3-3C0D026BDE9C}.Release|Any CPU.Build.0 = Release|Any CPU
		{3B19D6AB-3D31-465E-BEA3-3C0D026BDE9C}.Release|ARM64.ActiveCfg = Release|ARM64
		{3B19D6AB-3D31-465E-BEA3-3C0D026BDE9C}.Release|ARM64.Build.0 = Release|ARM64
		{3B19D6AB-3D31-465E-BEA3-3C0D026BDE9C}.Release|x64.ActiveCfg = Release|x64
		{3B19D6AB-3D31-465E-BEA3-3C0D026BDE9C}.Release|x64.Build.0 = Release|x64
		{3B19D6AB-3D31-465E-BEA3-3C0D026BDE9C}.Release|x86.ActiveCfg = Release|x86
		{3B19D6AB-3D31-465E-BEA3-3C0D026BDE9C}.Release|x86.Build.0 = Release|x86
		{7F681CD7-ADD2-4795-B516-91D4D146E78E}.Debug|Any CPU.ActiveCfg = Debug|Any CPU
		{7F681CD7-ADD2-4795-B516-91D4D146E78E}.Debug|Any CPU.Build.0 = Debug|Any CPU
		{7F681CD7-ADD2-4795-B516-91D4D146E78E}.Debug|x64.ActiveCfg = Debug|x64
		{7F681CD7-ADD2-4795-B516-91D4D146E78E}.Debug|x64.Build.0 = Debug|x64
		{7F681CD7-ADD2-4795-B516-91D4D146E78E}.Debug|x86.ActiveCfg = Debug|x86
		{7F681CD7-ADD2-4795-B516-91D4D146E78E}.Debug|x86.Build.0 = Debug|x86
		{CB48449F-A9C1-4ABD-9CBD-400E1C703614}.Debug|Any CPU.ActiveCfg = Debug|Any CPU
		{CB48449F-A9C1-4ABD-9CBD-400E1C703614}.Debug|Any CPU.Build.0 = Debug|Any CPU
		{CB48449F-A9C1-4ABD-9CBD-400E1C703614}.Release|Any CPU.ActiveCfg = Release|Any CPU
		{CB48449F-A9C1-4ABD-9CBD-400E1C703614}.Release|Any CPU.Build.0 = Release|Any CPU
		{CB48449F-A9C1-4ABD-9CBD-400E1C703614}.Debug|ARM64.ActiveCfg = Debug|ARM64
		{CB48449F-A9C1-4ABD-9CBD-400E1C703614}.Debug|ARM64.Build.0 = Debug|ARM64
		{CB48449F-A9C1-4ABD-9CBD-400E1C703614}.Debug|x64.ActiveCfg = Debug|x64
		{CB48449F-A9C1-4ABD-9CBD-400E1C703614}.Debug|x64.Build.0 = Debug|x64
		{CB48449F-A9C1-4ABD-9CBD-400E1C703614}.Debug|x86.ActiveCfg = Debug|x86
		{CB48449F-A9C1-4ABD-9CBD-400E1C703614}.Debug|x86.Build.0 = Debug|x86
		{CB48449F-A9C1-4ABD-9CBD-400E1C703614}.Release|ARM64.ActiveCfg = Release|ARM64
		{CB48449F-A9C1-4ABD-9CBD-400E1C703614}.Release|ARM64.Build.0 = Release|ARM64
		{CB48449F-A9C1-4ABD-9CBD-400E1C703614}.Release|x64.ActiveCfg = Release|x64
		{CB48449F-A9C1-4ABD-9CBD-400E1C703614}.Release|x64.Build.0 = Release|x64
		{CB48449F-A9C1-4ABD-9CBD-400E1C703614}.Release|x86.ActiveCfg = Release|x86
		{CB48449F-A9C1-4ABD-9CBD-400E1C703614}.Release|x86.Build.0 = Release|x86
		{CF13970E-943E-401F-A177-C23156309D4C}.Debug|Any CPU.ActiveCfg = Debug|Any CPU
		{CF13970E-943E-401F-A177-C23156309D4C}.Debug|Any CPU.Build.0 = Debug|Any CPU
		{CF13970E-943E-401F-A177-C23156309D4C}.Release|Any CPU.ActiveCfg = Release|Any CPU
		{CF13970E-943E-401F-A177-C23156309D4C}.Release|Any CPU.Build.0 = Release|Any CPU
		{CF13970E-943E-401F-A177-C23156309D4C}.Debug|ARM64.ActiveCfg = Debug|ARM64
		{CF13970E-943E-401F-A177-C23156309D4C}.Debug|ARM64.Build.0 = Debug|ARM64
		{CF13970E-943E-401F-A177-C23156309D4C}.Debug|x64.ActiveCfg = Debug|x64
		{CF13970E-943E-401F-A177-C23156309D4C}.Debug|x64.Build.0 = Debug|x64
		{CF13970E-943E-401F-A177-C23156309D4C}.Debug|x86.ActiveCfg = Debug|x86
		{CF13970E-943E-401F-A177-C23156309D4C}.Debug|x86.Build.0 = Debug|x86
		{CF13970E-943E-401F-A177-C23156309D4C}.Release|ARM64.ActiveCfg = Release|ARM64
		{CF13970E-943E-401F-A177-C23156309D4C}.Release|ARM64.Build.0 = Release|ARM64
		{CF13970E-943E-401F-A177-C23156309D4C}.Release|x64.ActiveCfg = Release|x64
		{CF13970E-943E-401F-A177-C23156309D4C}.Release|x64.Build.0 = Release|x64
		{CF13970E-943E-401F-A177-C23156309D4C}.Release|x86.ActiveCfg = Release|x86
		{CF13970E-943E-401F-A177-C23156309D4C}.Release|x86.Build.0 = Release|x86
		{BD1C1102-DD00-45FF-9CDD-B3885C19E9D0}.Debug|Any CPU.ActiveCfg = Debug|Any CPU
		{BD1C1102-DD00-45FF-9CDD-B3885C19E9D0}.Debug|Any CPU.Build.0 = Debug|Any CPU
		{BD1C1102-DD00-45FF-9CDD-B3885C19E9D0}.Release|Any CPU.ActiveCfg = Release|Any CPU
		{BD1C1102-DD00-45FF-9CDD-B3885C19E9D0}.Release|Any CPU.Build.0 = Release|Any CPU
		{BD1C1102-DD00-45FF-9CDD-B3885C19E9D0}.Debug|ARM64.ActiveCfg = Debug|ARM64
		{BD1C1102-DD00-45FF-9CDD-B3885C19E9D0}.Debug|ARM64.Build.0 = Debug|ARM64
		{BD1C1102-DD00-45FF-9CDD-B3885C19E9D0}.Debug|x64.ActiveCfg = Debug|x64
		{BD1C1102-DD00-45FF-9CDD-B3885C19E9D0}.Debug|x64.Build.0 = Debug|x64
		{BD1C1102-DD00-45FF-9CDD-B3885C19E9D0}.Debug|x86.ActiveCfg = Debug|x86
		{BD1C1102-DD00-45FF-9CDD-B3885C19E9D0}.Debug|x86.Build.0 = Debug|x86
		{BD1C1102-DD00-45FF-9CDD-B3885C19E9D0}.Release|ARM64.ActiveCfg = Release|ARM64
		{BD1C1102-DD00-45FF-9CDD-B3885C19E9D0}.Release|ARM64.Build.0 = Release|ARM64
		{BD1C1102-DD00-45FF-9CDD-B3885C19E9D0}.Release|x64.ActiveCfg = Release|x64
		{BD1C1102-DD00-45FF-9CDD-B3885C19E9D0}.Release|x64.Build.0 = Release|x64
		{BD1C1102-DD00-45FF-9CDD-B3885C19E9D0}.Release|x86.ActiveCfg = Release|x86
		{BD1C1102-DD00-45FF-9CDD-B3885C19E9D0}.Release|x86.Build.0 = Release|x86
		{87A05ADD-CDA8-4DB6-B2E0-82ACBF3C4845}.Debug|Any CPU.ActiveCfg = Debug|Any CPU
		{87A05ADD-CDA8-4DB6-B2E0-82ACBF3C4845}.Debug|Any CPU.Build.0 = Debug|Any CPU
		{87A05ADD-CDA8-4DB6-B2E0-82ACBF3C4845}.Release|Any CPU.ActiveCfg = Release|Any CPU
		{87A05ADD-CDA8-4DB6-B2E0-82ACBF3C4845}.Release|Any CPU.Build.0 = Release|Any CPU
		{87A05ADD-CDA8-4DB6-B2E0-82ACBF3C4845}.Debug|ARM64.ActiveCfg = Debug|ARM64
		{87A05ADD-CDA8-4DB6-B2E0-82ACBF3C4845}.Debug|ARM64.Build.0 = Debug|ARM64
		{87A05ADD-CDA8-4DB6-B2E0-82ACBF3C4845}.Debug|x64.ActiveCfg = Debug|x64
		{87A05ADD-CDA8-4DB6-B2E0-82ACBF3C4845}.Debug|x64.Build.0 = Debug|x64
		{87A05ADD-CDA8-4DB6-B2E0-82ACBF3C4845}.Debug|x86.ActiveCfg = Debug|x86
		{87A05ADD-CDA8-4DB6-B2E0-82ACBF3C4845}.Debug|x86.Build.0 = Debug|x86
		{87A05ADD-CDA8-4DB6-B2E0-82ACBF3C4845}.Release|ARM64.ActiveCfg = Release|ARM64
		{87A05ADD-CDA8-4DB6-B2E0-82ACBF3C4845}.Release|ARM64.Build.0 = Release|ARM64
		{87A05ADD-CDA8-4DB6-B2E0-82ACBF3C4845}.Release|x64.ActiveCfg = Release|x64
		{87A05ADD-CDA8-4DB6-B2E0-82ACBF3C4845}.Release|x64.Build.0 = Release|x64
		{87A05ADD-CDA8-4DB6-B2E0-82ACBF3C4845}.Release|x86.ActiveCfg = Release|x86
		{87A05ADD-CDA8-4DB6-B2E0-82ACBF3C4845}.Release|x86.Build.0 = Release|x86
		{FA51D0B0-5CD5-4FB2-A3FC-A9F72C83FA4B}.Debug|Any CPU.ActiveCfg = Debug|Any CPU
		{FA51D0B0-5CD5-4FB2-A3FC-A9F72C83FA4B}.Debug|Any CPU.Build.0 = Debug|Any CPU
		{FA51D0B0-5CD5-4FB2-A3FC-A9F72C83FA4B}.Release|Any CPU.ActiveCfg = Release|Any CPU
		{FA51D0B0-5CD5-4FB2-A3FC-A9F72C83FA4B}.Release|Any CPU.Build.0 = Release|Any CPU
		{FA51D0B0-5CD5-4FB2-A3FC-A9F72C83FA4B}.Debug|ARM64.ActiveCfg = Debug|ARM64
		{FA51D0B0-5CD5-4FB2-A3FC-A9F72C83FA4B}.Debug|ARM64.Build.0 = Debug|ARM64
		{FA51D0B0-5CD5-4FB2-A3FC-A9F72C83FA4B}.Debug|x64.ActiveCfg = Debug|x64
		{FA51D0B0-5CD5-4FB2-A3FC-A9F72C83FA4B}.Debug|x64.Build.0 = Debug|x64
		{FA51D0B0-5CD5-4FB2-A3FC-A9F72C83FA4B}.Debug|x86.ActiveCfg = Debug|x86
		{FA51D0B0-5CD5-4FB2-A3FC-A9F72C83FA4B}.Debug|x86.Build.0 = Debug|x86
		{FA51D0B0-5CD5-4FB2-A3FC-A9F72C83FA4B}.Release|ARM64.ActiveCfg = Release|ARM64
		{FA51D0B0-5CD5-4FB2-A3FC-A9F72C83FA4B}.Release|ARM64.Build.0 = Release|ARM64
		{FA51D0B0-5CD5-4FB2-A3FC-A9F72C83FA4B}.Release|x64.ActiveCfg = Release|x64
		{FA51D0B0-5CD5-4FB2-A3FC-A9F72C83FA4B}.Release|x64.Build.0 = Release|x64
		{FA51D0B0-5CD5-4FB2-A3FC-A9F72C83FA4B}.Release|x86.ActiveCfg = Release|x86
		{FA51D0B0-5CD5-4FB2-A3FC-A9F72C83FA4B}.Release|x86.Build.0 = Release|x86
		{28B8E72E-0499-4ABE-AA61-9A87BD339666}.Debug|Any CPU.ActiveCfg = Debug|Any CPU
		{28B8E72E-0499-4ABE-AA61-9A87BD339666}.Debug|Any CPU.Build.0 = Debug|Any CPU
		{28B8E72E-0499-4ABE-AA61-9A87BD339666}.Release|Any CPU.ActiveCfg = Release|Any CPU
		{28B8E72E-0499-4ABE-AA61-9A87BD339666}.Release|Any CPU.Build.0 = Release|Any CPU
		{28B8E72E-0499-4ABE-AA61-9A87BD339666}.Debug|ARM64.ActiveCfg = Debug|ARM64
		{28B8E72E-0499-4ABE-AA61-9A87BD339666}.Debug|ARM64.Build.0 = Debug|ARM64
		{28B8E72E-0499-4ABE-AA61-9A87BD339666}.Debug|x64.ActiveCfg = Debug|x64
		{28B8E72E-0499-4ABE-AA61-9A87BD339666}.Debug|x64.Build.0 = Debug|x64
		{28B8E72E-0499-4ABE-AA61-9A87BD339666}.Debug|x86.ActiveCfg = Debug|x86
		{28B8E72E-0499-4ABE-AA61-9A87BD339666}.Debug|x86.Build.0 = Debug|x86
		{28B8E72E-0499-4ABE-AA61-9A87BD339666}.Release|ARM64.ActiveCfg = Release|ARM64
		{28B8E72E-0499-4ABE-AA61-9A87BD339666}.Release|ARM64.Build.0 = Release|ARM64
		{28B8E72E-0499-4ABE-AA61-9A87BD339666}.Release|x64.ActiveCfg = Release|x64
		{28B8E72E-0499-4ABE-AA61-9A87BD339666}.Release|x64.Build.0 = Release|x64
		{28B8E72E-0499-4ABE-AA61-9A87BD339666}.Release|x86.ActiveCfg = Release|x86
		{28B8E72E-0499-4ABE-AA61-9A87BD339666}.Release|x86.Build.0 = Release|x86
		{2295DEE1-B8AE-44AA-9012-708741779B09}.Debug|Any CPU.ActiveCfg = Debug|Any CPU
		{2295DEE1-B8AE-44AA-9012-708741779B09}.Debug|Any CPU.Build.0 = Debug|Any CPU
		{2295DEE1-B8AE-44AA-9012-708741779B09}.Release|Any CPU.ActiveCfg = Release|Any CPU
		{2295DEE1-B8AE-44AA-9012-708741779B09}.Release|Any CPU.Build.0 = Release|Any CPU
		{2295DEE1-B8AE-44AA-9012-708741779B09}.Debug|ARM64.ActiveCfg = Debug|ARM64
		{2295DEE1-B8AE-44AA-9012-708741779B09}.Debug|ARM64.Build.0 = Debug|ARM64
		{2295DEE1-B8AE-44AA-9012-708741779B09}.Debug|x64.ActiveCfg = Debug|x64
		{2295DEE1-B8AE-44AA-9012-708741779B09}.Debug|x64.Build.0 = Debug|x64
		{2295DEE1-B8AE-44AA-9012-708741779B09}.Debug|x86.ActiveCfg = Debug|x86
		{2295DEE1-B8AE-44AA-9012-708741779B09}.Debug|x86.Build.0 = Debug|x86
		{2295DEE1-B8AE-44AA-9012-708741779B09}.Release|ARM64.ActiveCfg = Release|ARM64
		{2295DEE1-B8AE-44AA-9012-708741779B09}.Release|ARM64.Build.0 = Release|ARM64
		{2295DEE1-B8AE-44AA-9012-708741779B09}.Release|x64.ActiveCfg = Release|x64
		{2295DEE1-B8AE-44AA-9012-708741779B09}.Release|x64.Build.0 = Release|x64
		{2295DEE1-B8AE-44AA-9012-708741779B09}.Release|x86.ActiveCfg = Release|x86
		{2295DEE1-B8AE-44AA-9012-708741779B09}.Release|x86.Build.0 = Release|x86
		{B6A7D1E8-FFFB-46BB-BE61-5FCFC77891B1}.Debug|Any CPU.ActiveCfg = Debug|Any CPU
		{B6A7D1E8-FFFB-46BB-BE61-5FCFC77891B1}.Debug|Any CPU.Build.0 = Debug|Any CPU
		{B6A7D1E8-FFFB-46BB-BE61-5FCFC77891B1}.Release|Any CPU.ActiveCfg = Release|Any CPU
		{B6A7D1E8-FFFB-46BB-BE61-5FCFC77891B1}.Release|Any CPU.Build.0 = Release|Any CPU
		{B6A7D1E8-FFFB-46BB-BE61-5FCFC77891B1}.Debug|ARM64.ActiveCfg = Debug|ARM64
		{B6A7D1E8-FFFB-46BB-BE61-5FCFC77891B1}.Debug|ARM64.Build.0 = Debug|ARM64
		{B6A7D1E8-FFFB-46BB-BE61-5FCFC77891B1}.Debug|x64.ActiveCfg = Debug|x64
		{B6A7D1E8-FFFB-46BB-BE61-5FCFC77891B1}.Debug|x64.Build.0 = Debug|x64
		{B6A7D1E8-FFFB-46BB-BE61-5FCFC77891B1}.Debug|x86.ActiveCfg = Debug|x86
		{B6A7D1E8-FFFB-46BB-BE61-5FCFC77891B1}.Debug|x86.Build.0 = Debug|x86
		{B6A7D1E8-FFFB-46BB-BE61-5FCFC77891B1}.Release|ARM64.ActiveCfg = Release|ARM64
		{B6A7D1E8-FFFB-46BB-BE61-5FCFC77891B1}.Release|ARM64.Build.0 = Release|ARM64
		{B6A7D1E8-FFFB-46BB-BE61-5FCFC77891B1}.Release|x64.ActiveCfg = Release|x64
		{B6A7D1E8-FFFB-46BB-BE61-5FCFC77891B1}.Release|x64.Build.0 = Release|x64
		{B6A7D1E8-FFFB-46BB-BE61-5FCFC77891B1}.Release|x86.ActiveCfg = Release|x86
		{B6A7D1E8-FFFB-46BB-BE61-5FCFC77891B1}.Release|x86.Build.0 = Release|x86
		{822943C9-8759-4326-901E-33A602E0D827}.Debug|Any CPU.ActiveCfg = Debug|Any CPU
		{822943C9-8759-4326-901E-33A602E0D827}.Debug|Any CPU.Build.0 = Debug|Any CPU
		{822943C9-8759-4326-901E-33A602E0D827}.Release|Any CPU.ActiveCfg = Release|Any CPU
		{822943C9-8759-4326-901E-33A602E0D827}.Release|Any CPU.Build.0 = Release|Any CPU
		{822943C9-8759-4326-901E-33A602E0D827}.Debug|ARM64.ActiveCfg = Debug|ARM64
		{822943C9-8759-4326-901E-33A602E0D827}.Debug|ARM64.Build.0 = Debug|ARM64
		{822943C9-8759-4326-901E-33A602E0D827}.Debug|x64.ActiveCfg = Debug|x64
		{822943C9-8759-4326-901E-33A602E0D827}.Debug|x64.Build.0 = Debug|x64
		{822943C9-8759-4326-901E-33A602E0D827}.Debug|x86.ActiveCfg = Debug|x86
		{822943C9-8759-4326-901E-33A602E0D827}.Debug|x86.Build.0 = Debug|x86
		{822943C9-8759-4326-901E-33A602E0D827}.Release|ARM64.ActiveCfg = Release|ARM64
		{822943C9-8759-4326-901E-33A602E0D827}.Release|ARM64.Build.0 = Release|ARM64
		{822943C9-8759-4326-901E-33A602E0D827}.Release|x64.ActiveCfg = Release|x64
		{822943C9-8759-4326-901E-33A602E0D827}.Release|x64.Build.0 = Release|x64
		{822943C9-8759-4326-901E-33A602E0D827}.Release|x86.ActiveCfg = Release|x86
		{822943C9-8759-4326-901E-33A602E0D827}.Release|x86.Build.0 = Release|x86
	EndGlobalSection
	GlobalSection(SolutionProperties) = preSolution
		HideSolutionNode = FALSE
	EndGlobalSection
	GlobalSection(NestedProjects) = preSolution
		{5A6A58EF-9FE6-4D8E-AB82-FAD1CB864695} = {0F922E11-B838-4DFD-A9A2-C3BBAFBF5A03}
		{88900908-AF79-4843-8594-E33E029F9854} = {0F922E11-B838-4DFD-A9A2-C3BBAFBF5A03}
		{9C71F3E1-25EF-4DE3-A4CF-440F49721F01} = {0F922E11-B838-4DFD-A9A2-C3BBAFBF5A03}
		{1D57E8C5-2CE0-4F99-A13F-E90557B3520A} = {0F922E11-B838-4DFD-A9A2-C3BBAFBF5A03}
		{20597F72-BCE3-4902-9F9D-08240F81ACC5} = {0F922E11-B838-4DFD-A9A2-C3BBAFBF5A03}
		{8C1F68AE-0040-44E4-8DDB-6ACF0733507C} = {0F922E11-B838-4DFD-A9A2-C3BBAFBF5A03}
		{CF1468A7-DDF8-43C5-A625-C53D342AC6C1} = {0F922E11-B838-4DFD-A9A2-C3BBAFBF5A03}
		{7064F284-1D24-4A10-981C-7E319CD0E23A} = {0F922E11-B838-4DFD-A9A2-C3BBAFBF5A03}
		{ECACC9FC-01AD-4510-9E47-44B9CDC4AD62} = {0F922E11-B838-4DFD-A9A2-C3BBAFBF5A03}
		{66DFE78C-DA8B-45F3-A989-0AA350931A42} = {7064F284-1D24-4A10-981C-7E319CD0E23A}
		{4A5EAC72-43AD-4AA6-8867-AC536C41FFA0} = {7064F284-1D24-4A10-981C-7E319CD0E23A}
		{A7306808-01EB-4265-AF51-43C71EE85644} = {CF1468A7-DDF8-43C5-A625-C53D342AC6C1}
		{246B41C6-C04F-4E15-B56C-6FE78F699501} = {CF1468A7-DDF8-43C5-A625-C53D342AC6C1}
		{7EB198CF-3194-4C2F-B7D6-84A2721A3839} = {8C1F68AE-0040-44E4-8DDB-6ACF0733507C}
		{10040D9B-A457-4D33-A78D-ECBA10AC814D} = {8C1F68AE-0040-44E4-8DDB-6ACF0733507C}
		{47B64F14-9B97-42A5-98E6-517165B2C052} = {20597F72-BCE3-4902-9F9D-08240F81ACC5}
		{2810B7C0-9F32-4705-A91D-E02D7AC112CE} = {20597F72-BCE3-4902-9F9D-08240F81ACC5}
		{88F94E5F-100D-4502-AC32-F07878F98B6A} = {1D57E8C5-2CE0-4F99-A13F-E90557B3520A}
		{4696EC5A-C9F1-4328-B3B4-AAC69A2A1B2B} = {ECACC9FC-01AD-4510-9E47-44B9CDC4AD62}
		{0C3E953D-3A06-4B9A-BFFD-A2779CF75457} = {1D57E8C5-2CE0-4F99-A13F-E90557B3520A}
		{3F752FEB-3CEB-47E0-B012-62035966D238} = {ECACC9FC-01AD-4510-9E47-44B9CDC4AD62}
		{973FBC44-EAB3-445F-8D90-F1A94A468574} = {9C71F3E1-25EF-4DE3-A4CF-440F49721F01}
		{D0AD5CE0-6FDA-4821-8BA9-B8CF00F6E10F} = {9C71F3E1-25EF-4DE3-A4CF-440F49721F01}
		{47FA9C13-91C4-4316-93BA-577F9731617B} = {88900908-AF79-4843-8594-E33E029F9854}
		{6C2C4DAD-9F79-4AA9-A502-1BBF98325507} = {88900908-AF79-4843-8594-E33E029F9854}
		{32884628-0358-467B-8BB3-B523875E3B8E} = {5A6A58EF-9FE6-4D8E-AB82-FAD1CB864695}
		{4B27547F-350D-473F-AA28-A0A8D0172769} = {5A6A58EF-9FE6-4D8E-AB82-FAD1CB864695}
		{82BFD6E5-D5D1-42F1-A0EE-8C40E2D76DD9} = {5A6A58EF-9FE6-4D8E-AB82-FAD1CB864695}
		{F036C1A3-00E7-4723-8D40-CFC8C3AB9E80} = {9C71F3E1-25EF-4DE3-A4CF-440F49721F01}
		{3B19D6AB-3D31-465E-BEA3-3C0D026BDE9C} = {20597F72-BCE3-4902-9F9D-08240F81ACC5}
		{7F681CD7-ADD2-4795-B516-91D4D146E78E} = {439743E4-C249-48C5-8CB7-BA8F23B04731}
		{4B11E663-85B1-457F-AB3E-6ED3797BA738} = {1ACE9E2E-4250-4D9A-8079-07D839222B67}
		{8584B253-4E84-4DCE-AA1C-90BA89BDBF3E} = {4B11E663-85B1-457F-AB3E-6ED3797BA738}
		{B5823E80-082B-47C8-AA33-CC6FDED8C94B} = {0F922E11-B838-4DFD-A9A2-C3BBAFBF5A03}
		{66F371DE-F4A2-4B11-9351-0795C7E8667D} = {0F922E11-B838-4DFD-A9A2-C3BBAFBF5A03}
		{CB48449F-A9C1-4ABD-9CBD-400E1C703614} = {B5823E80-082B-47C8-AA33-CC6FDED8C94B}
		{CF13970E-943E-401F-A177-C23156309D4C} = {B5823E80-082B-47C8-AA33-CC6FDED8C94B}
		{BD1C1102-DD00-45FF-9CDD-B3885C19E9D0} = {66F371DE-F4A2-4B11-9351-0795C7E8667D}
		{87A05ADD-CDA8-4DB6-B2E0-82ACBF3C4845} = {66F371DE-F4A2-4B11-9351-0795C7E8667D}
		{FA51D0B0-5CD5-4FB2-A3FC-A9F72C83FA4B} = {B5823E80-082B-47C8-AA33-CC6FDED8C94B}
		{28B8E72E-0499-4ABE-AA61-9A87BD339666} = {66F371DE-F4A2-4B11-9351-0795C7E8667D}
		{04B3DC6F-6A8B-485A-8154-3B8D599AB99B} = {0F922E11-B838-4DFD-A9A2-C3BBAFBF5A03}
		{2295DEE1-B8AE-44AA-9012-708741779B09} = {04B3DC6F-6A8B-485A-8154-3B8D599AB99B}
		{B6A7D1E8-FFFB-46BB-BE61-5FCFC77891B1} = {04B3DC6F-6A8B-485A-8154-3B8D599AB99B}
		{822943C9-8759-4326-901E-33A602E0D827} = {04B3DC6F-6A8B-485A-8154-3B8D599AB99B}
	EndGlobalSection
	GlobalSection(ExtensibilityGlobals) = postSolution
		SolutionGuid = {3D6B7E96-5169-4380-ADCD-B781CDCE795C}
	EndGlobalSection
EndGlobal
